
Microsoft Visual Studio Solution File, Format Version 12.00
Project("{FAE04EC0-301F-11D3-BF4B-00C04F79EFBC}") = "desafio-celular-dio", "desafio-celular-dio\desafio-celular-dio.csproj", "{CE3E4DA6-F53A-4077-B3C3-56120EE6A0E5}"
EndProject
Global
	GlobalSection(SolutionConfigurationPlatforms) = preSolution
		Debug|Any CPU = Debug|Any CPU
		Release|Any CPU = Release|Any CPU
	EndGlobalSection
	GlobalSection(ProjectConfigurationPlatforms) = postSolution
		{CE3E4DA6-F53A-4077-B3C3-56120EE6A0E5}.Debug|Any CPU.ActiveCfg = Debug|Any CPU
		{CE3E4DA6-F53A-4077-B3C3-56120EE6A0E5}.Debug|Any CPU.Build.0 = Debug|Any CPU
		{CE3E4DA6-F53A-4077-B3C3-56120EE6A0E5}.Release|Any CPU.ActiveCfg = Release|Any CPU
		{CE3E4DA6-F53A-4077-B3C3-56120EE6A0E5}.Release|Any CPU.Build.0 = Release|Any CPU
	EndGlobalSection
EndGlobal
